
Microsoft Visual Studio Solution File, Format Version 12.00
# Visual Studio Version 16
VisualStudioVersion = 16.0.30621.155
MinimumVisualStudioVersion = 10.0.40219.1
Project("{8BC9CEB8-8B4A-11D0-8D11-00A0C91BC942}") = "SpaceInvaders", "SpaceInvaders\Basic2D.vcxproj", "{1C234B5E-98CE-4ED6-AF88-5FAADDAAC4AA}"
EndProject
Global
	GlobalSection(SolutionConfigurationPlatforms) = preSolution
		Debug|x86 = Debug|x86
		Release|x86 = Release|x86
	EndGlobalSection
	GlobalSection(ProjectConfigurationPlatforms) = postSolution
		{1C234B5E-98CE-4ED6-AF88-5FAADDAAC4AA}.Debug|x86.ActiveCfg = Debug|Win32
		{1C234B5E-98CE-4ED6-AF88-5FAADDAAC4AA}.Debug|x86.Build.0 = Debug|Win32
		{1C234B5E-98CE-4ED6-AF88-5FAADDAAC4AA}.Release|x86.ActiveCfg = Release|Win32
		{1C234B5E-98CE-4ED6-AF88-5FAADDAAC4AA}.Release|x86.Build.0 = Release|Win32
	EndGlobalSection
	GlobalSection(SolutionProperties) = preSolution
		HideSolutionNode = FALSE
	EndGlobalSection
	GlobalSection(ExtensibilityGlobals) = postSolution
		SolutionGuid = {0D26F6B9-3ABC-4CDC-9743-6EAB442F7AF2}
	EndGlobalSection
EndGlobal
